
Microsoft Visual Studio Solution File, Format Version 12.00
# Visual Studio Version 17
VisualStudioVersion = 17.8.34525.116
MinimumVisualStudioVersion = 10.0.40219.1
Project("{9A19103F-16F7-4668-BE54-9A1E7A4F7556}") = "ST10343093", "ST10343093\ST10343093.csproj", "{05261A20-C206-4414-AD2B-8632B7EA3E84}"
EndProject
Project("{FAE04EC0-301F-11D3-BF4B-00C04F79EFBC}") = "RecipeTest", "RecipeTest\RecipeTest.csproj", "{7800245F-7307-4054-B820-9D9BFD0DD358}"
EndProject
Global
	GlobalSection(SolutionConfigurationPlatforms) = preSolution
		Debug|Any CPU = Debug|Any CPU
		Release|Any CPU = Release|Any CPU
	EndGlobalSection
	GlobalSection(ProjectConfigurationPlatforms) = postSolution
		{05261A20-C206-4414-AD2B-8632B7EA3E84}.Debug|Any CPU.ActiveCfg = Debug|Any CPU
		{05261A20-C206-4414-AD2B-8632B7EA3E84}.Debug|Any CPU.Build.0 = Debug|Any CPU
		{05261A20-C206-4414-AD2B-8632B7EA3E84}.Release|Any CPU.ActiveCfg = Release|Any CPU
		{05261A20-C206-4414-AD2B-8632B7EA3E84}.Release|Any CPU.Build.0 = Release|Any CPU
		{7800245F-7307-4054-B820-9D9BFD0DD358}.Debug|Any CPU.ActiveCfg = Debug|Any CPU
		{7800245F-7307-4054-B820-9D9BFD0DD358}.Debug|Any CPU.Build.0 = Debug|Any CPU
		{7800245F-7307-4054-B820-9D9BFD0DD358}.Release|Any CPU.ActiveCfg = Release|Any CPU
		{7800245F-7307-4054-B820-9D9BFD0DD358}.Release|Any CPU.Build.0 = Release|Any CPU
	EndGlobalSection
	GlobalSection(SolutionProperties) = preSolution
		HideSolutionNode = FALSE
	EndGlobalSection
	GlobalSection(ExtensibilityGlobals) = postSolution
		SolutionGuid = {41B7716F-FC86-48E0-BDDF-145CEF6D6ECA}
	EndGlobalSection
EndGlobal
